// !$*UTF8*$!
{
	archiveVersion = 1;
	classes = {
	};
	objectVersion = 50;
	objects = {

/* Begin PBXBuildFile section */
		9EB78EB22188A99400C0A45E /* AppDelegate.swift in Sources */ = {isa = PBXBuildFile; fileRef = 9EB78EB12188A99400C0A45E /* AppDelegate.swift */; };
		9EB78EB42188A99400C0A45E /* PasswordViewController.swift in Sources */ = {isa = PBXBuildFile; fileRef = 9EB78EB32188A99400C0A45E /* PasswordViewController.swift */; };
		9EB78EB72188A99400C0A45E /* Main.storyboard in Resources */ = {isa = PBXBuildFile; fileRef = 9EB78EB52188A99400C0A45E /* Main.storyboard */; };
		9EB78EB92188A99700C0A45E /* Assets.xcassets in Resources */ = {isa = PBXBuildFile; fileRef = 9EB78EB82188A99700C0A45E /* Assets.xcassets */; };
		9EB78EBC2188A99700C0A45E /* LaunchScreen.storyboard in Resources */ = {isa = PBXBuildFile; fileRef = 9EB78EBA2188A99700C0A45E /* LaunchScreen.storyboard */; };
		9EB78EC42188CCE500C0A45E /* lock.jpeg in Resources */ = {isa = PBXBuildFile; fileRef = 9EB78EC32188CCE500C0A45E /* lock.jpeg */; };
		9EB78EC62188CE9500C0A45E /* ListOfTasksViewController.swift in Sources */ = {isa = PBXBuildFile; fileRef = 9EB78EC52188CE9500C0A45E /* ListOfTasksViewController.swift */; };
		9EB78EC82188D4F400C0A45E /* Alert.swift in Sources */ = {isa = PBXBuildFile; fileRef = 9EB78EC72188D4F400C0A45E /* Alert.swift */; };
		9EB78ECD2188DF7E00C0A45E /* TaskTableViewCell.swift in Sources */ = {isa = PBXBuildFile; fileRef = 9EB78ECC2188DF7E00C0A45E /* TaskTableViewCell.swift */; };
/* End PBXBuildFile section */

/* Begin PBXFileReference section */
		9EB78EAE2188A99400C0A45E /* Task Manager iOS.app */ = {isa = PBXFileReference; explicitFileType = wrapper.application; includeInIndex = 0; path = "Task Manager iOS.app"; sourceTree = BUILT_PRODUCTS_DIR; };
		9EB78EB12188A99400C0A45E /* AppDelegate.swift */ = {isa = PBXFileReference; lastKnownFileType = sourcecode.swift; path = AppDelegate.swift; sourceTree = "<group>"; };
		9EB78EB32188A99400C0A45E /* PasswordViewController.swift */ = {isa = PBXFileReference; lastKnownFileType = sourcecode.swift; path = PasswordViewController.swift; sourceTree = "<group>"; };
		9EB78EB62188A99400C0A45E /* Base */ = {isa = PBXFileReference; lastKnownFileType = file.storyboard; name = Base; path = Base.lproj/Main.storyboard; sourceTree = "<group>"; };
		9EB78EB82188A99700C0A45E /* Assets.xcassets */ = {isa = PBXFileReference; lastKnownFileType = folder.assetcatalog; path = Assets.xcassets; sourceTree = "<group>"; };
		9EB78EBB2188A99700C0A45E /* Base */ = {isa = PBXFileReference; lastKnownFileType = file.storyboard; name = Base; path = Base.lproj/LaunchScreen.storyboard; sourceTree = "<group>"; };
		9EB78EBD2188A99700C0A45E /* Info.plist */ = {isa = PBXFileReference; lastKnownFileType = text.plist.xml; path = Info.plist; sourceTree = "<group>"; };
		9EB78EC32188CCE500C0A45E /* lock.jpeg */ = {isa = PBXFileReference; lastKnownFileType = image.jpeg; name = lock.jpeg; path = "../../../../Images and Stuff/lock.jpeg"; sourceTree = "<group>"; };
		9EB78EC52188CE9500C0A45E /* ListOfTasksViewController.swift */ = {isa = PBXFileReference; lastKnownFileType = sourcecode.swift; path = ListOfTasksViewController.swift; sourceTree = "<group>"; };
		9EB78EC72188D4F400C0A45E /* Alert.swift */ = {isa = PBXFileReference; lastKnownFileType = sourcecode.swift; path = Alert.swift; sourceTree = "<group>"; };
		9EB78ECC2188DF7E00C0A45E /* TaskTableViewCell.swift */ = {isa = PBXFileReference; lastKnownFileType = sourcecode.swift; path = TaskTableViewCell.swift; sourceTree = "<group>"; };
/* End PBXFileReference section */

/* Begin PBXFrameworksBuildPhase section */
		9EB78EAB2188A99400C0A45E /* Frameworks */ = {
			isa = PBXFrameworksBuildPhase;
			buildActionMask = 2147483647;
			files = (
			);
			runOnlyForDeploymentPostprocessing = 0;
		};
/* End PBXFrameworksBuildPhase section */

/* Begin PBXGroup section */
		9EB78EA52188A99400C0A45E = {
			isa = PBXGroup;
			children = (
				9EB78EB02188A99400C0A45E /* Task Manager iOS */,
				9EB78EAF2188A99400C0A45E /* Products */,
			);
			sourceTree = "<group>";
		};
		9EB78EAF2188A99400C0A45E /* Products */ = {
			isa = PBXGroup;
			children = (
				9EB78EAE2188A99400C0A45E /* Task Manager iOS.app */,
			);
			name = Products;
			sourceTree = "<group>";
		};
		9EB78EB02188A99400C0A45E /* Task Manager iOS */ = {
			isa = PBXGroup;
			children = (
				9EB78ECF2188E5F600C0A45E /* Utilities */,
				9EB78ECE2188E37300C0A45E /* Storyboards */,
				9EB78EC92188DAC600C0A45E /* View Controllers */,
				9EB78EB12188A99400C0A45E /* AppDelegate.swift */,
				9EB78EB82188A99700C0A45E /* Assets.xcassets */,
				9EB78EC32188CCE500C0A45E /* lock.jpeg */,
				9EB78EBD2188A99700C0A45E /* Info.plist */,
			);
			path = "Task Manager iOS";
			sourceTree = "<group>";
		};
		9EB78EC92188DAC600C0A45E /* View Controllers */ = {
			isa = PBXGroup;
			children = (
				9EB78EB32188A99400C0A45E /* PasswordViewController.swift */,
				9EB78EC52188CE9500C0A45E /* ListOfTasksViewController.swift */,
				9EB78ECC2188DF7E00C0A45E /* TaskTableViewCell.swift */,
			);
			path = "View Controllers";
			sourceTree = "<group>";
		};
		9EB78ECE2188E37300C0A45E /* Storyboards */ = {
			isa = PBXGroup;
			children = (
				9EB78EB52188A99400C0A45E /* Main.storyboard */,
				9EB78EBA2188A99700C0A45E /* LaunchScreen.storyboard */,
			);
			path = Storyboards;
			sourceTree = "<group>";
		};
		9EB78ECF2188E5F600C0A45E /* Utilities */ = {
			isa = PBXGroup;
			children = (
				9EB78EC72188D4F400C0A45E /* Alert.swift */,
			);
			path = Utilities;
			sourceTree = "<group>";
		};
/* End PBXGroup section */

/* Begin PBXNativeTarget section */
		9EB78EAD2188A99400C0A45E /* Task Manager iOS */ = {
			isa = PBXNativeTarget;
			buildConfigurationList = 9EB78EC02188A99700C0A45E /* Build configuration list for PBXNativeTarget "Task Manager iOS" */;
			buildPhases = (
				9EB78EAA2188A99400C0A45E /* Sources */,
				9EB78EAB2188A99400C0A45E /* Frameworks */,
				9EB78EAC2188A99400C0A45E /* Resources */,
			);
			buildRules = (
			);
			dependencies = (
			);
			name = "Task Manager iOS";
			productName = "Task Manager iOS";
			productReference = 9EB78EAE2188A99400C0A45E /* Task Manager iOS.app */;
			productType = "com.apple.product-type.application";
		};
/* End PBXNativeTarget section */

/* Begin PBXProject section */
		9EB78EA62188A99400C0A45E /* Project object */ = {
			isa = PBXProject;
			attributes = {
				LastSwiftUpdateCheck = 1000;
				LastUpgradeCheck = 1000;
				ORGANIZATIONNAME = "Alex Richardson";
				TargetAttributes = {
					9EB78EAD2188A99400C0A45E = {
						CreatedOnToolsVersion = 10.0;
					};
				};
			};
			buildConfigurationList = 9EB78EA92188A99400C0A45E /* Build configuration list for PBXProject "Task Manager iOS" */;
			compatibilityVersion = "Xcode 9.3";
			developmentRegion = en;
			hasScannedForEncodings = 0;
			knownRegions = (
				en,
				Base,
			);
			mainGroup = 9EB78EA52188A99400C0A45E;
			productRefGroup = 9EB78EAF2188A99400C0A45E /* Products */;
			projectDirPath = "";
			projectRoot = "";
			targets = (
				9EB78EAD2188A99400C0A45E /* Task Manager iOS */,
			);
		};
/* End PBXProject section */

/* Begin PBXResourcesBuildPhase section */
		9EB78EAC2188A99400C0A45E /* Resources */ = {
			isa = PBXResourcesBuildPhase;
			buildActionMask = 2147483647;
			files = (
				9EB78EBC2188A99700C0A45E /* LaunchScreen.storyboard in Resources */,
				9EB78EB92188A99700C0A45E /* Assets.xcassets in Resources */,
				9EB78EC42188CCE500C0A45E /* lock.jpeg in Resources */,
				9EB78EB72188A99400C0A45E /* Main.storyboard in Resources */,
			);
			runOnlyForDeploymentPostprocessing = 0;
		};
/* End PBXResourcesBuildPhase section */

/* Begin PBXSourcesBuildPhase section */
		9EB78EAA2188A99400C0A45E /* Sources */ = {
			isa = PBXSourcesBuildPhase;
			buildActionMask = 2147483647;
			files = (
				9EB78EB42188A99400C0A45E /* PasswordViewController.swift in Sources */,
				9EB78EC62188CE9500C0A45E /* ListOfTasksViewController.swift in Sources */,
				9EB78ECD2188DF7E00C0A45E /* TaskTableViewCell.swift in Sources */,
				9EB78EC82188D4F400C0A45E /* Alert.swift in Sources */,
				9EB78EB22188A99400C0A45E /* AppDelegate.swift in Sources */,
			);
			runOnlyForDeploymentPostprocessing = 0;
		};
/* End PBXSourcesBuildPhase section */

/* Begin PBXVariantGroup section */
		9EB78EB52188A99400C0A45E /* Main.storyboard */ = {
			isa = PBXVariantGroup;
			children = (
				9EB78EB62188A99400C0A45E /* Base */,
			);
			name = Main.storyboard;
			sourceTree = "<group>";
		};
		9EB78EBA2188A99700C0A45E /* LaunchScreen.storyboard */ = {
			isa = PBXVariantGroup;
			children = (
				9EB78EBB2188A99700C0A45E /* Base */,
			);
			name = LaunchScreen.storyboard;
			sourceTree = "<group>";
		};
/* End PBXVariantGroup section */

/* Begin XCBuildConfiguration section */
		9EB78EBE2188A99700C0A45E /* Debug */ = {
			isa = XCBuildConfiguration;
			buildSettings = {
				ALWAYS_SEARCH_USER_PATHS = NO;
				CLANG_ANALYZER_NONNULL = YES;
				CLANG_ANALYZER_NUMBER_OBJECT_CONVERSION = YES_AGGRESSIVE;
				CLANG_CXX_LANGUAGE_STANDARD = "gnu++14";
				CLANG_CXX_LIBRARY = "libc++";
				CLANG_ENABLE_MODULES = YES;
				CLANG_ENABLE_OBJC_ARC = YES;
				CLANG_ENABLE_OBJC_WEAK = YES;
				CLANG_WARN_BLOCK_CAPTURE_AUTORELEASING = YES;
				CLANG_WARN_BOOL_CONVERSION = YES;
				CLANG_WARN_COMMA = YES;
				CLANG_WARN_CONSTANT_CONVERSION = YES;
				CLANG_WARN_DEPRECATED_OBJC_IMPLEMENTATIONS = YES;
				CLANG_WARN_DIRECT_OBJC_ISA_USAGE = YES_ERROR;
				CLANG_WARN_DOCUMENTATION_COMMENTS = YES;
				CLANG_WARN_EMPTY_BODY = YES;
				CLANG_WARN_ENUM_CONVERSION = YES;
				CLANG_WARN_INFINITE_RECURSION = YES;
				CLANG_WARN_INT_CONVERSION = YES;
				CLANG_WARN_NON_LITERAL_NULL_CONVERSION = YES;
				CLANG_WARN_OBJC_IMPLICIT_RETAIN_SELF = YES;
				CLANG_WARN_OBJC_LITERAL_CONVERSION = YES;
				CLANG_WARN_OBJC_ROOT_CLASS = YES_ERROR;
				CLANG_WARN_RANGE_LOOP_ANALYSIS = YES;
				CLANG_WARN_STRICT_PROTOTYPES = YES;
				CLANG_WARN_SUSPICIOUS_MOVE = YES;
				CLANG_WARN_UNGUARDED_AVAILABILITY = YES_AGGRESSIVE;
				CLANG_WARN_UNREACHABLE_CODE = YES;
				CLANG_WARN__DUPLICATE_METHOD_MATCH = YES;
				CODE_SIGN_IDENTITY = "iPhone Developer";
				COPY_PHASE_STRIP = NO;
				DEBUG_INFORMATION_FORMAT = dwarf;
				ENABLE_STRICT_OBJC_MSGSEND = YES;
				ENABLE_TESTABILITY = YES;
				GCC_C_LANGUAGE_STANDARD = gnu11;
				GCC_DYNAMIC_NO_PIC = NO;
				GCC_NO_COMMON_BLOCKS = YES;
				GCC_OPTIMIZATION_LEVEL = 0;
				GCC_PREPROCESSOR_DEFINITIONS = (
					"DEBUG=1",
					"$(inherited)",
				);
				GCC_WARN_64_TO_32_BIT_CONVERSION = YES;
				GCC_WARN_ABOUT_RETURN_TYPE = YES_ERROR;
				GCC_WARN_UNDECLARED_SELECTOR = YES;
				GCC_WARN_UNINITIALIZED_AUTOS = YES_AGGRESSIVE;
				GCC_WARN_UNUSED_FUNCTION = YES;
				GCC_WARN_UNUSED_VARIABLE = YES;
				IPHONEOS_DEPLOYMENT_TARGET = 12.0;
				MTL_ENABLE_DEBUG_INFO = INCLUDE_SOURCE;
				MTL_FAST_MATH = YES;
				ONLY_ACTIVE_ARCH = YES;
				SDKROOT = iphoneos;
				SWIFT_ACTIVE_COMPILATION_CONDITIONS = DEBUG;
				SWIFT_OPTIMIZATION_LEVEL = "-Onone";
			};
			name = Debug;
		};
		9EB78EBF2188A99700C0A45E /* Release */ = {
			isa = XCBuildConfiguration;
			buildSettings = {
				ALWAYS_SEARCH_USER_PATHS = NO;
				CLANG_ANALYZER_NONNULL = YES;
				CLANG_ANALYZER_NUMBER_OBJECT_CONVERSION = YES_AGGRESSIVE;
				CLANG_CXX_LANGUAGE_STANDARD = "gnu++14";
				CLANG_CXX_LIBRARY = "libc++";
				CLANG_ENABLE_MODULES = YES;
				CLANG_ENABLE_OBJC_ARC = YES;
				CLANG_ENABLE_OBJC_WEAK = YES;
				CLANG_WARN_BLOCK_CAPTURE_AUTORELEASING = YES;
				CLANG_WARN_BOOL_CONVERSION = YES;
				CLANG_WARN_COMMA = YES;
				CLANG_WARN_CONSTANT_CONVERSION = YES;
				CLANG_WARN_DEPRECATED_OBJC_IMPLEMENTATIONS = YES;
				CLANG_WARN_DIRECT_OBJC_ISA_USAGE = YES_ERROR;
				CLANG_WARN_DOCUMENTATION_COMMENTS = YES;
				CLANG_WARN_EMPTY_BODY = YES;
				CLANG_WARN_ENUM_CONVERSION = YES;
				CLANG_WARN_INFINITE_RECURSION = YES;
				CLANG_WARN_INT_CONVERSION = YES;
				CLANG_WARN_NON_LITERAL_NULL_CONVERSION = YES;
				CLANG_WARN_OBJC_IMPLICIT_RETAIN_SELF = YES;
				CLANG_WARN_OBJC_LITERAL_CONVERSION = YES;
				CLANG_WARN_OBJC_ROOT_CLASS = YES_ERROR;
				CLANG_WARN_RANGE_LOOP_ANALYSIS = YES;
				CLANG_WARN_STRICT_PROTOTYPES = YES;
				CLANG_WARN_SUSPICIOUS_MOVE = YES;
				CLANG_WARN_UNGUARDED_AVAILABILITY = YES_AGGRESSIVE;
				CLANG_WARN_UNREACHABLE_CODE = YES;
				CLANG_WARN__DUPLICATE_METHOD_MATCH = YES;
				CODE_SIGN_IDENTITY = "iPhone Developer";
				COPY_PHASE_STRIP = NO;
				DEBUG_INFORMATION_FORMAT = "dwarf-with-dsym";
				ENABLE_NS_ASSERTIONS = NO;
				ENABLE_STRICT_OBJC_MSGSEND = YES;
				GCC_C_LANGUAGE_STANDARD = gnu11;
				GCC_NO_COMMON_BLOCKS = YES;
				GCC_WARN_64_TO_32_BIT_CONVERSION = YES;
				GCC_WARN_ABOUT_RETURN_TYPE = YES_ERROR;
				GCC_WARN_UNDECLARED_SELECTOR = YES;
				GCC_WARN_UNINITIALIZED_AUTOS = YES_AGGRESSIVE;
				GCC_WARN_UNUSED_FUNCTION = YES;
				GCC_WARN_UNUSED_VARIABLE = YES;
				IPHONEOS_DEPLOYMENT_TARGET = 12.0;
				MTL_ENABLE_DEBUG_INFO = NO;
				MTL_FAST_MATH = YES;
				SDKROOT = iphoneos;
				SWIFT_COMPILATION_MODE = wholemodule;
				SWIFT_OPTIMIZATION_LEVEL = "-O";
				VALIDATE_PRODUCT = YES;
			};
			name = Release;
		};
		9EB78EC12188A99700C0A45E /* Debug */ = {
			isa = XCBuildConfiguration;
			buildSettings = {
				ASSETCATALOG_COMPILER_APPICON_NAME = AppIcon;
				CODE_SIGN_STYLE = Automatic;
				INFOPLIST_FILE = "Task Manager iOS/Info.plist";
				LD_RUNPATH_SEARCH_PATHS = (
					"$(inherited)",
					"@executable_path/Frameworks",
				);
				PRODUCT_BUNDLE_IDENTIFIER = "com.interaptskills.Task-Manager-iOS";
				PRODUCT_NAME = "$(TARGET_NAME)";
				SWIFT_VERSION = 4.2;
				TARGETED_DEVICE_FAMILY = "1,2";
			};
			name = Debug;
		};
		9EB78EC22188A99700C0A45E /* Release */ = {
			isa = XCBuildConfiguration;
			buildSettings = {
				ASSETCATALOG_COMPILER_APPICON_NAME = AppIcon;
				CODE_SIGN_STYLE = Automatic;
				INFOPLIST_FILE = "Task Manager iOS/Info.plist";
				LD_RUNPATH_SEARCH_PATHS = (
					"$(inherited)",
					"@executable_path/Frameworks",
				);
				PRODUCT_BUNDLE_IDENTIFIER = "com.interaptskills.Task-Manager-iOS";
				PRODUCT_NAME = "$(TARGET_NAME)";
				SWIFT_VERSION = 4.2;
				TARGETED_DEVICE_FAMILY = "1,2";
			};
			name = Release;
		};
/* End XCBuildConfiguration section */

/* Begin XCConfigurationList section */
		9EB78EA92188A99400C0A45E /* Build configuration list for PBXProject "Task Manager iOS" */ = {
			isa = XCConfigurationList;
			buildConfigurations = (
				9EB78EBE2188A99700C0A45E /* Debug */,
				9EB78EBF2188A99700C0A45E /* Release */,
			);
			defaultConfigurationIsVisible = 0;
			defaultConfigurationName = Release;
		};
		9EB78EC02188A99700C0A45E /* Build configuration list for PBXNativeTarget "Task Manager iOS" */ = {
			isa = XCConfigurationList;
			buildConfigurations = (
				9EB78EC12188A99700C0A45E /* Debug */,
				9EB78EC22188A99700C0A45E /* Release */,
			);
			defaultConfigurationIsVisible = 0;
			defaultConfigurationName = Release;
		};
/* End XCConfigurationList section */
	};
	rootObject = 9EB78EA62188A99400C0A45E /* Project object */;
}
